// !$*UTF8*$!
{
	archiveVersion = 1;
	classes = {
	};
	objectVersion = 56;
	objects = {

/* Begin PBXBuildFile section */
		2DB1AE60A72E83561991136E /* Pods_SAA_Demo.framework in Frameworks */ = {isa = PBXBuildFile; fileRef = 4BC60E770B94CBBEF21B91E4 /* Pods_SAA_Demo.framework */; };
		81C8F5652C6B9DCC00C5B32B /* AppDelegate.swift in Sources */ = {isa = PBXBuildFile; fileRef = 81C8F5642C6B9DCC00C5B32B /* AppDelegate.swift */; };
		81C8F5672C6B9DCC00C5B32B /* SceneDelegate.swift in Sources */ = {isa = PBXBuildFile; fileRef = 81C8F5662C6B9DCC00C5B32B /* SceneDelegate.swift */; };
		81C8F5692C6B9DCC00C5B32B /* ViewController.swift in Sources */ = {isa = PBXBuildFile; fileRef = 81C8F5682C6B9DCC00C5B32B /* ViewController.swift */; };
		81C8F56C2C6B9DCC00C5B32B /* Base in Resources */ = {isa = PBXBuildFile; fileRef = 81C8F56B2C6B9DCC00C5B32B /* Base */; };
		81C8F56E2C6B9DCD00C5B32B /* Assets.xcassets in Resources */ = {isa = PBXBuildFile; fileRef = 81C8F56D2C6B9DCD00C5B32B /* Assets.xcassets */; };
		81C8F5712C6B9DCD00C5B32B /* Base in Resources */ = {isa = PBXBuildFile; fileRef = 81C8F5702C6B9DCD00C5B32B /* Base */; };
/* End PBXBuildFile section */

/* Begin PBXFileReference section */
		4BC60E770B94CBBEF21B91E4 /* Pods_SAA_Demo.framework */ = {isa = PBXFileReference; explicitFileType = wrapper.framework; includeInIndex = 0; path = Pods_SAA_Demo.framework; sourceTree = BUILT_PRODUCTS_DIR; };
		81C8F5612C6B9DCC00C5B32B /* SAA-Demo.app */ = {isa = PBXFileReference; explicitFileType = wrapper.application; includeInIndex = 0; path = "SAA-Demo.app"; sourceTree = BUILT_PRODUCTS_DIR; };
		81C8F5642C6B9DCC00C5B32B /* AppDelegate.swift */ = {isa = PBXFileReference; lastKnownFileType = sourcecode.swift; path = AppDelegate.swift; sourceTree = "<group>"; };
		81C8F5662C6B9DCC00C5B32B /* SceneDelegate.swift */ = {isa = PBXFileReference; lastKnownFileType = sourcecode.swift; path = SceneDelegate.swift; sourceTree = "<group>"; };
		81C8F5682C6B9DCC00C5B32B /* ViewController.swift */ = {isa = PBXFileReference; lastKnownFileType = sourcecode.swift; path = ViewController.swift; sourceTree = "<group>"; };
		81C8F56B2C6B9DCC00C5B32B /* Base */ = {isa = PBXFileReference; lastKnownFileType = file.storyboard; name = Base; path = Base.lproj/Main.storyboard; sourceTree = "<group>"; };
		81C8F56D2C6B9DCD00C5B32B /* Assets.xcassets */ = {isa = PBXFileReference; lastKnownFileType = folder.assetcatalog; path = Assets.xcassets; sourceTree = "<group>"; };
		81C8F5702C6B9DCD00C5B32B /* Base */ = {isa = PBXFileReference; lastKnownFileType = file.storyboard; name = Base; path = Base.lproj/LaunchScreen.storyboard; sourceTree = "<group>"; };
		81C8F5722C6B9DCD00C5B32B /* Info.plist */ = {isa = PBXFileReference; lastKnownFileType = text.plist.xml; path = Info.plist; sourceTree = "<group>"; };
		E5581C252D7EDD1C8E872CFC /* Pods-SAA-Demo.release.xcconfig */ = {isa = PBXFileReference; includeInIndex = 1; lastKnownFileType = text.xcconfig; name = "Pods-SAA-Demo.release.xcconfig"; path = "Target Support Files/Pods-SAA-Demo/Pods-SAA-Demo.release.xcconfig"; sourceTree = "<group>"; };
		FDCBE3EAA6EF71D90D53E0A4 /* Pods-SAA-Demo.debug.xcconfig */ = {isa = PBXFileReference; includeInIndex = 1; lastKnownFileType = text.xcconfig; name = "Pods-SAA-Demo.debug.xcconfig"; path = "Target Support Files/Pods-SAA-Demo/Pods-SAA-Demo.debug.xcconfig"; sourceTree = "<group>"; };
/* End PBXFileReference section */

/* Begin PBXFrameworksBuildPhase section */
		81C8F55E2C6B9DCC00C5B32B /* Frameworks */ = {
			isa = PBXFrameworksBuildPhase;
			buildActionMask = 2147483647;
			files = (
				2DB1AE60A72E83561991136E /* Pods_SAA_Demo.framework in Frameworks */,
			);
			runOnlyForDeploymentPostprocessing = 0;
		};
/* End PBXFrameworksBuildPhase section */

/* Begin PBXGroup section */
		2C0AF11B347F0604DAF74164 /* Pods */ = {
			isa = PBXGroup;
			children = (
				FDCBE3EAA6EF71D90D53E0A4 /* Pods-SAA-Demo.debug.xcconfig */,
				E5581C252D7EDD1C8E872CFC /* Pods-SAA-Demo.release.xcconfig */,
			);
			path = Pods;
			sourceTree = "<group>";
		};
		2EBC0D07D720E7FC5402451F /* Frameworks */ = {
			isa = PBXGroup;
			children = (
				4BC60E770B94CBBEF21B91E4 /* Pods_SAA_Demo.framework */,
			);
			name = Frameworks;
			sourceTree = "<group>";
		};
		81C8F5582C6B9DCC00C5B32B = {
			isa = PBXGroup;
			children = (
				81C8F5632C6B9DCC00C5B32B /* SAA-Demo */,
				81C8F5622C6B9DCC00C5B32B /* Products */,
				2C0AF11B347F0604DAF74164 /* Pods */,
				2EBC0D07D720E7FC5402451F /* Frameworks */,
			);
			sourceTree = "<group>";
		};
		81C8F5622C6B9DCC00C5B32B /* Products */ = {
			isa = PBXGroup;
			children = (
				81C8F5612C6B9DCC00C5B32B /* SAA-Demo.app */,
			);
			name = Products;
			sourceTree = "<group>";
		};
		81C8F5632C6B9DCC00C5B32B /* SAA-Demo */ = {
			isa = PBXGroup;
			children = (
				81C8F5642C6B9DCC00C5B32B /* AppDelegate.swift */,
				81C8F5662C6B9DCC00C5B32B /* SceneDelegate.swift */,
				81C8F5682C6B9DCC00C5B32B /* ViewController.swift */,
				81C8F56A2C6B9DCC00C5B32B /* Main.storyboard */,
				81C8F56D2C6B9DCD00C5B32B /* Assets.xcassets */,
				81C8F56F2C6B9DCD00C5B32B /* LaunchScreen.storyboard */,
				81C8F5722C6B9DCD00C5B32B /* Info.plist */,
			);
			path = "SAA-Demo";
			sourceTree = "<group>";
		};
/* End PBXGroup section */

/* Begin PBXNativeTarget section */
		81C8F5602C6B9DCC00C5B32B /* SAA-Demo */ = {
			isa = PBXNativeTarget;
			buildConfigurationList = 81C8F5752C6B9DCD00C5B32B /* Build configuration list for PBXNativeTarget "SAA-Demo" */;
			buildPhases = (
				B2A41B35986B2EAB2BE38562 /* [CP] Check Pods Manifest.lock */,
				81C8F55D2C6B9DCC00C5B32B /* Sources */,
				81C8F55E2C6B9DCC00C5B32B /* Frameworks */,
				81C8F55F2C6B9DCC00C5B32B /* Resources */,
				08E186C324AF95A455B83FB7 /* [CP] Embed Pods Frameworks */,
			);
			buildRules = (
			);
			dependencies = (
			);
			name = "SAA-Demo";
			productName = "SAA-Demo";
			productReference = 81C8F5612C6B9DCC00C5B32B /* SAA-Demo.app */;
			productType = "com.apple.product-type.application";
		};
/* End PBXNativeTarget section */

/* Begin PBXProject section */
		81C8F5592C6B9DCC00C5B32B /* Project object */ = {
			isa = PBXProject;
			attributes = {
				BuildIndependentTargetsInParallel = 1;
				LastSwiftUpdateCheck = 1530;
				LastUpgradeCheck = 1530;
				TargetAttributes = {
					81C8F5602C6B9DCC00C5B32B = {
						CreatedOnToolsVersion = 15.3;
					};
				};
			};
			buildConfigurationList = 81C8F55C2C6B9DCC00C5B32B /* Build configuration list for PBXProject "SAA-Demo" */;
			compatibilityVersion = "Xcode 14.0";
			developmentRegion = en;
			hasScannedForEncodings = 0;
			knownRegions = (
				en,
				Base,
			);
			mainGroup = 81C8F5582C6B9DCC00C5B32B;
			productRefGroup = 81C8F5622C6B9DCC00C5B32B /* Products */;
			projectDirPath = "";
			projectRoot = "";
			targets = (
				81C8F5602C6B9DCC00C5B32B /* SAA-Demo */,
			);
		};
/* End PBXProject section */

/* Begin PBXResourcesBuildPhase section */
		81C8F55F2C6B9DCC00C5B32B /* Resources */ = {
			isa = PBXResourcesBuildPhase;
			buildActionMask = 2147483647;
			files = (
				81C8F56E2C6B9DCD00C5B32B /* Assets.xcassets in Resources */,
				81C8F5712C6B9DCD00C5B32B /* Base in Resources */,
				81C8F56C2C6B9DCC00C5B32B /* Base in Resources */,
			);
			runOnlyForDeploymentPostprocessing = 0;
		};
/* End PBXResourcesBuildPhase section */

/* Begin PBXShellScriptBuildPhase section */
		08E186C324AF95A455B83FB7 /* [CP] Embed Pods Frameworks */ = {
			isa = PBXShellScriptBuildPhase;
			buildActionMask = 2147483647;
			files = (
			);
			inputFileListPaths = (
				"${PODS_ROOT}/Target Support Files/Pods-SAA-Demo/Pods-SAA-Demo-frameworks-${CONFIGURATION}-input-files.xcfilelist",
			);
			name = "[CP] Embed Pods Frameworks";
			outputFileListPaths = (
				"${PODS_ROOT}/Target Support Files/Pods-SAA-Demo/Pods-SAA-Demo-frameworks-${CONFIGURATION}-output-files.xcfilelist",
			);
			runOnlyForDeploymentPostprocessing = 0;
			shellPath = /bin/sh;
			shellScript = "\"${PODS_ROOT}/Target Support Files/Pods-SAA-Demo/Pods-SAA-Demo-frameworks.sh\"\n";
			showEnvVarsInLog = 0;
		};
		B2A41B35986B2EAB2BE38562 /* [CP] Check Pods Manifest.lock */ = {
			isa = PBXShellScriptBuildPhase;
			buildActionMask = 2147483647;
			files = (
			);
			inputFileListPaths = (
			);
			inputPaths = (
				"${PODS_PODFILE_DIR_PATH}/Podfile.lock",
				"${PODS_ROOT}/Manifest.lock",
			);
			name = "[CP] Check Pods Manifest.lock";
			outputFileListPaths = (
			);
			outputPaths = (
				"$(DERIVED_FILE_DIR)/Pods-SAA-Demo-checkManifestLockResult.txt",
			);
			runOnlyForDeploymentPostprocessing = 0;
			shellPath = /bin/sh;
			shellScript = "diff \"${PODS_PODFILE_DIR_PATH}/Podfile.lock\" \"${PODS_ROOT}/Manifest.lock\" > /dev/null\nif [ $? != 0 ] ; then\n    # print error to STDERR\n    echo \"error: The sandbox is not in sync with the Podfile.lock. Run 'pod install' or update your CocoaPods installation.\" >&2\n    exit 1\nfi\n# This output is used by Xcode 'outputs' to avoid re-running this script phase.\necho \"SUCCESS\" > \"${SCRIPT_OUTPUT_FILE_0}\"\n";
			showEnvVarsInLog = 0;
		};
/* End PBXShellScriptBuildPhase section */

/* Begin PBXSourcesBuildPhase section */
		81C8F55D2C6B9DCC00C5B32B /* Sources */ = {
			isa = PBXSourcesBuildPhase;
			buildActionMask = 2147483647;
			files = (
				81C8F5692C6B9DCC00C5B32B /* ViewController.swift in Sources */,
				81C8F5652C6B9DCC00C5B32B /* AppDelegate.swift in Sources */,
				81C8F5672C6B9DCC00C5B32B /* SceneDelegate.swift in Sources */,
			);
			runOnlyForDeploymentPostprocessing = 0;
		};
/* End PBXSourcesBuildPhase section */

/* Begin PBXVariantGroup section */
		81C8F56A2C6B9DCC00C5B32B /* Main.storyboard */ = {
			isa = PBXVariantGroup;
			children = (
				81C8F56B2C6B9DCC00C5B32B /* Base */,
			);
			name = Main.storyboard;
			sourceTree = "<group>";
		};
		81C8F56F2C6B9DCD00C5B32B /* LaunchScreen.storyboard */ = {
			isa = PBXVariantGroup;
			children = (
				81C8F5702C6B9DCD00C5B32B /* Base */,
			);
			name = LaunchScreen.storyboard;
			sourceTree = "<group>";
		};
/* End PBXVariantGroup section */

/* Begin XCBuildConfiguration section */
		81C8F5732C6B9DCD00C5B32B /* Debug */ = {
			isa = XCBuildConfiguration;
			buildSettings = {
				ALWAYS_SEARCH_USER_PATHS = NO;
				ASSETCATALOG_COMPILER_GENERATE_SWIFT_ASSET_SYMBOL_EXTENSIONS = YES;
				CLANG_ANALYZER_NONNULL = YES;
				CLANG_ANALYZER_NUMBER_OBJECT_CONVERSION = YES_AGGRESSIVE;
				CLANG_CXX_LANGUAGE_STANDARD = "gnu++20";
				CLANG_ENABLE_MODULES = YES;
				CLANG_ENABLE_OBJC_ARC = YES;
				CLANG_ENABLE_OBJC_WEAK = YES;
				CLANG_WARN_BLOCK_CAPTURE_AUTORELEASING = YES;
				CLANG_WARN_BOOL_CONVERSION = YES;
				CLANG_WARN_COMMA = YES;
				CLANG_WARN_CONSTANT_CONVERSION = YES;
				CLANG_WARN_DEPRECATED_OBJC_IMPLEMENTATIONS = YES;
				CLANG_WARN_DIRECT_OBJC_ISA_USAGE = YES_ERROR;
				CLANG_WARN_DOCUMENTATION_COMMENTS = YES;
				CLANG_WARN_EMPTY_BODY = YES;
				CLANG_WARN_ENUM_CONVERSION = YES;
				CLANG_WARN_INFINITE_RECURSION = YES;
				CLANG_WARN_INT_CONVERSION = YES;
				CLANG_WARN_NON_LITERAL_NULL_CONVERSION = YES;
				CLANG_WARN_OBJC_IMPLICIT_RETAIN_SELF = YES;
				CLANG_WARN_OBJC_LITERAL_CONVERSION = YES;
				CLANG_WARN_OBJC_ROOT_CLASS = YES_ERROR;
				CLANG_WARN_QUOTED_INCLUDE_IN_FRAMEWORK_HEADER = YES;
				CLANG_WARN_RANGE_LOOP_ANALYSIS = YES;
				CLANG_WARN_STRICT_PROTOTYPES = YES;
				CLANG_WARN_SUSPICIOUS_MOVE = YES;
				CLANG_WARN_UNGUARDED_AVAILABILITY = YES_AGGRESSIVE;
				CLANG_WARN_UNREACHABLE_CODE = YES;
				CLANG_WARN__DUPLICATE_METHOD_MATCH = YES;
				COPY_PHASE_STRIP = NO;
				DEBUG_INFORMATION_FORMAT = dwarf;
				ENABLE_STRICT_OBJC_MSGSEND = YES;
				ENABLE_TESTABILITY = YES;
				ENABLE_USER_SCRIPT_SANDBOXING = NO;
				GCC_C_LANGUAGE_STANDARD = gnu17;
				GCC_DYNAMIC_NO_PIC = NO;
				GCC_NO_COMMON_BLOCKS = YES;
				GCC_OPTIMIZATION_LEVEL = 0;
				GCC_PREPROCESSOR_DEFINITIONS = (
					"DEBUG=1",
					"$(inherited)",
				);
				GCC_WARN_64_TO_32_BIT_CONVERSION = YES;
				GCC_WARN_ABOUT_RETURN_TYPE = YES_ERROR;
				GCC_WARN_UNDECLARED_SELECTOR = YES;
				GCC_WARN_UNINITIALIZED_AUTOS = YES_AGGRESSIVE;
				GCC_WARN_UNUSED_FUNCTION = YES;
				GCC_WARN_UNUSED_VARIABLE = YES;
				IPHONEOS_DEPLOYMENT_TARGET = 17.4;
				LOCALIZATION_PREFERS_STRING_CATALOGS = YES;
				MTL_ENABLE_DEBUG_INFO = INCLUDE_SOURCE;
				MTL_FAST_MATH = YES;
				ONLY_ACTIVE_ARCH = YES;
				SDKROOT = iphoneos;
				SWIFT_ACTIVE_COMPILATION_CONDITIONS = "DEBUG $(inherited)";
				SWIFT_OPTIMIZATION_LEVEL = "-Onone";
			};
			name = Debug;
		};
		81C8F5742C6B9DCD00C5B32B /* Release */ = {
			isa = XCBuildConfiguration;
			buildSettings = {
				ALWAYS_SEARCH_USER_PATHS = NO;
				ASSETCATALOG_COMPILER_GENERATE_SWIFT_ASSET_SYMBOL_EXTENSIONS = YES;
				CLANG_ANALYZER_NONNULL = YES;
				CLANG_ANALYZER_NUMBER_OBJECT_CONVERSION = YES_AGGRESSIVE;
				CLANG_CXX_LANGUAGE_STANDARD = "gnu++20";
				CLANG_ENABLE_MODULES = YES;
				CLANG_ENABLE_OBJC_ARC = YES;
				CLANG_ENABLE_OBJC_WEAK = YES;
				CLANG_WARN_BLOCK_CAPTURE_AUTORELEASING = YES;
				CLANG_WARN_BOOL_CONVERSION = YES;
				CLANG_WARN_COMMA = YES;
				CLANG_WARN_CONSTANT_CONVERSION = YES;
				CLANG_WARN_DEPRECATED_OBJC_IMPLEMENTATIONS = YES;
				CLANG_WARN_DIRECT_OBJC_ISA_USAGE = YES_ERROR;
				CLANG_WARN_DOCUMENTATION_COMMENTS = YES;
				CLANG_WARN_EMPTY_BODY = YES;
				CLANG_WARN_ENUM_CONVERSION = YES;
				CLANG_WARN_INFINITE_RECURSION = YES;
				CLANG_WARN_INT_CONVERSION = YES;
				CLANG_WARN_NON_LITERAL_NULL_CONVERSION = YES;
				CLANG_WARN_OBJC_IMPLICIT_RETAIN_SELF = YES;
				CLANG_WARN_OBJC_LITERAL_CONVERSION = YES;
				CLANG_WARN_OBJC_ROOT_CLASS = YES_ERROR;
				CLANG_WARN_QUOTED_INCLUDE_IN_FRAMEWORK_HEADER = YES;
				CLANG_WARN_RANGE_LOOP_ANALYSIS = YES;
				CLANG_WARN_STRICT_PROTOTYPES = YES;
				CLANG_WARN_SUSPICIOUS_MOVE = YES;
				CLANG_WARN_UNGUARDED_AVAILABILITY = YES_AGGRESSIVE;
				CLANG_WARN_UNREACHABLE_CODE = YES;
				CLANG_WARN__DUPLICATE_METHOD_MATCH = YES;
				COPY_PHASE_STRIP = NO;
				DEBUG_INFORMATION_FORMAT = "dwarf-with-dsym";
				ENABLE_NS_ASSERTIONS = NO;
				ENABLE_STRICT_OBJC_MSGSEND = YES;
				ENABLE_USER_SCRIPT_SANDBOXING = NO;
				GCC_C_LANGUAGE_STANDARD = gnu17;
				GCC_NO_COMMON_BLOCKS = YES;
				GCC_WARN_64_TO_32_BIT_CONVERSION = YES;
				GCC_WARN_ABOUT_RETURN_TYPE = YES_ERROR;
				GCC_WARN_UNDECLARED_SELECTOR = YES;
				GCC_WARN_UNINITIALIZED_AUTOS = YES_AGGRESSIVE;
				GCC_WARN_UNUSED_FUNCTION = YES;
				GCC_WARN_UNUSED_VARIABLE = YES;
				IPHONEOS_DEPLOYMENT_TARGET = 17.4;
				LOCALIZATION_PREFERS_STRING_CATALOGS = YES;
				MTL_ENABLE_DEBUG_INFO = NO;
				MTL_FAST_MATH = YES;
				SDKROOT = iphoneos;
				SWIFT_COMPILATION_MODE = wholemodule;
				VALIDATE_PRODUCT = YES;
			};
			name = Release;
		};
		81C8F5762C6B9DCD00C5B32B /* Debug */ = {
			isa = XCBuildConfiguration;
			baseConfigurationReference = FDCBE3EAA6EF71D90D53E0A4 /* Pods-SAA-Demo.debug.xcconfig */;
			buildSettings = {
				ASSETCATALOG_COMPILER_APPICON_NAME = AppIcon;
				ASSETCATALOG_COMPILER_GLOBAL_ACCENT_COLOR_NAME = AccentColor;
				CODE_SIGN_STYLE = Automatic;
				CURRENT_PROJECT_VERSION = 1;
				GENERATE_INFOPLIST_FILE = YES;
				INFOPLIST_FILE = "SAA-Demo/Info.plist";
				INFOPLIST_KEY_UIApplicationSupportsIndirectInputEvents = YES;
				INFOPLIST_KEY_UILaunchStoryboardName = LaunchScreen;
				INFOPLIST_KEY_UIMainStoryboardFile = Main;
				INFOPLIST_KEY_UISupportedInterfaceOrientations_iPad = "UIInterfaceOrientationPortrait UIInterfaceOrientationPortraitUpsideDown UIInterfaceOrientationLandscapeLeft UIInterfaceOrientationLandscapeRight";
				INFOPLIST_KEY_UISupportedInterfaceOrientations_iPhone = "UIInterfaceOrientationPortrait UIInterfaceOrientationLandscapeLeft UIInterfaceOrientationLandscapeRight";
				LD_RUNPATH_SEARCH_PATHS = (
					"$(inherited)",
					"@executable_path/Frameworks",
				);
				MARKETING_VERSION = 1.0;
				PRODUCT_BUNDLE_IDENTIFIER = "Sahil.Amrut.Agashe.com.SAA-Demo";
				PRODUCT_NAME = "$(TARGET_NAME)";
				SWIFT_EMIT_LOC_STRINGS = YES;
				SWIFT_VERSION = 5.0;
				TARGETED_DEVICE_FAMILY = "1,2";
			};
			name = Debug;
		};
		81C8F5772C6B9DCD00C5B32B /* Release */ = {
			isa = XCBuildConfiguration;
			baseConfigurationReference = E5581C252D7EDD1C8E872CFC /* Pods-SAA-Demo.release.xcconfig */;
			buildSettings = {
				ASSETCATALOG_COMPILER_APPICON_NAME = AppIcon;
				ASSETCATALOG_COMPILER_GLOBAL_ACCENT_COLOR_NAME = AccentColor;
				CODE_SIGN_STYLE = Automatic;
				CURRENT_PROJECT_VERSION = 1;
				GENERATE_INFOPLIST_FILE = YES;
				INFOPLIST_FILE = "SAA-Demo/Info.plist";
				INFOPLIST_KEY_UIApplicationSupportsIndirectInputEvents = YES;
				INFOPLIST_KEY_UILaunchStoryboardName = LaunchScreen;
				INFOPLIST_KEY_UIMainStoryboardFile = Main;
				INFOPLIST_KEY_UISupportedInterfaceOrientations_iPad = "UIInterfaceOrientationPortrait UIInterfaceOrientationPortraitUpsideDown UIInterfaceOrientationLandscapeLeft UIInterfaceOrientationLandscapeRight";
				INFOPLIST_KEY_UISupportedInterfaceOrientations_iPhone = "UIInterfaceOrientationPortrait UIInterfaceOrientationLandscapeLeft UIInterfaceOrientationLandscapeRight";
				LD_RUNPATH_SEARCH_PATHS = (
					"$(inherited)",
					"@executable_path/Frameworks",
				);
				MARKETING_VERSION = 1.0;
				PRODUCT_BUNDLE_IDENTIFIER = "Sahil.Amrut.Agashe.com.SAA-Demo";
				PRODUCT_NAME = "$(TARGET_NAME)";
				SWIFT_EMIT_LOC_STRINGS = YES;
				SWIFT_VERSION = 5.0;
				TARGETED_DEVICE_FAMILY = "1,2";
			};
			name = Release;
		};
/* End XCBuildConfiguration section */

/* Begin XCConfigurationList section */
		81C8F55C2C6B9DCC00C5B32B /* Build configuration list for PBXProject "SAA-Demo" */ = {
			isa = XCConfigurationList;
			buildConfigurations = (
				81C8F5732C6B9DCD00C5B32B /* Debug */,
				81C8F5742C6B9DCD00C5B32B /* Release */,
			);
			defaultConfigurationIsVisible = 0;
			defaultConfigurationName = Release;
		};
		81C8F5752C6B9DCD00C5B32B /* Build configuration list for PBXNativeTarget "SAA-Demo" */ = {
			isa = XCConfigurationList;
			buildConfigurations = (
				81C8F5762C6B9DCD00C5B32B /* Debug */,
				81C8F5772C6B9DCD00C5B32B /* Release */,
			);
			defaultConfigurationIsVisible = 0;
			defaultConfigurationName = Release;
		};
/* End XCConfigurationList section */
	};
	rootObject = 81C8F5592C6B9DCC00C5B32B /* Project object */;
}
